# This file was autogenerated by Stack.
# You should not edit this file by hand.
# For more information, please see the documentation at:
#   https://docs.haskellstack.org/en/stable/lock_files

packages:
- completed:
    size: 33030
    url: https://github.com/zillolo/iCalendar/archive/ece6416.tar.gz
    cabal-file:
      size: 1962
      sha256: 449260e480941e7df94d2794159126d3bdd9e2034d2a7f57fbbe1fc2afe5009f
    name: iCalendar
    version: 0.4.0.5
    sha256: 146c00f7c0275f50d87fc8b932d19f167401448a85f3aa53379116e02a772a06
    pantry-tree:
      size: 1077
      sha256: fdc76e5c2a7d3770c956fa3eed121446543b1a6bcceb412b06fad5ae6cbf8948
  original:
    url: https://github.com/zillolo/iCalendar/archive/ece6416.tar.gz
- completed:
    size: 9655
    url: https://github.com/GaloisInc/mime/archive/4d3fd1d.tar.gz
    cabal-file:
      size: 936
      sha256: 4a6a5e17fd6ca662db26bdb59538145988cad72ed60b1218aa9de6a6cfdf8db9
    name: mime
    version: 0.4.0.2
    sha256: 25a0ca0fd32af35950692b134f11c14156228b51e6e3c60ea5e6dc7ffef44824
    pantry-tree:
      size: 614
      sha256: 96aa3d12eaa1da2e2897efabf56f2302ccc08f7b664cffca44388887ea1cdf97
  original:
    url: https://github.com/GaloisInc/mime/archive/4d3fd1d.tar.gz
snapshots:
- completed:
    size: 524789
    url: https://raw.githubusercontent.com/commercialhaskell/stackage-snapshots/master/lts/14/9.yaml
    sha256: 8af5eb80734f02621d37e82cc0cde614af2ddc9c320610acb0b1b6d9ac162930
  original: lts-14.9
